
Microsoft Visual Studio Solution File, Format Version 12.00
# Visual Studio Version 17
VisualStudioVersion = 17.6.33829.357
MinimumVisualStudioVersion = 10.0.40219.1
Project("{FAE04EC0-301F-11D3-BF4B-00C04F79EFBC}") = "Yemek_Tarifleri_Sitem", "Yemek_Tarifleri_Sitem\Yemek_Tarifleri_Sitem.csproj", "{10C56B0B-6D4A-4313-974D-2927041A7D74}"
EndProject
Global
	GlobalSection(SolutionConfigurationPlatforms) = preSolution
		Debug|Any CPU = Debug|Any CPU
		Release|Any CPU = Release|Any CPU
	EndGlobalSection
	GlobalSection(ProjectConfigurationPlatforms) = postSolution
		{10C56B0B-6D4A-4313-974D-2927041A7D74}.Debug|Any CPU.ActiveCfg = Debug|Any CPU
		{10C56B0B-6D4A-4313-974D-2927041A7D74}.Debug|Any CPU.Build.0 = Debug|Any CPU
		{10C56B0B-6D4A-4313-974D-2927041A7D74}.Release|Any CPU.ActiveCfg = Release|Any CPU
		{10C56B0B-6D4A-4313-974D-2927041A7D74}.Release|Any CPU.Build.0 = Release|Any CPU
	EndGlobalSection
	GlobalSection(SolutionProperties) = preSolution
		HideSolutionNode = FALSE
	EndGlobalSection
	GlobalSection(ExtensibilityGlobals) = postSolution
		SolutionGuid = {24566D21-CFD1-4B9A-8AF3-403BACE606DA}
	EndGlobalSection
EndGlobal
